
Microsoft Visual Studio Solution File, Format Version 12.00
# Visual Studio Version 16
VisualStudioVersion = 16.0.29411.108
MinimumVisualStudioVersion = 10.0.40219.1
Project("{9A19103F-16F7-4668-BE54-9A1E7A4F7556}") = "1.Singleton", "1.Singleton\1.Singleton.csproj", "{DB902CBD-045D-4DA1-BF77-3149758A97BD}"
EndProject
Project("{9A19103F-16F7-4668-BE54-9A1E7A4F7556}") = "2.Facade", "2.Facade\2.Facade.csproj", "{C0DBD9BA-D71E-466D-BA27-E8E884F6FDDF}"
EndProject
Project("{FAE04EC0-301F-11D3-BF4B-00C04F79EFBC}") = "3.Command", "3.Command\3.Command.csproj", "{DA29DC36-F468-412B-AB3D-B8E1AE2ADF6E}"
EndProject
Global
	GlobalSection(SolutionConfigurationPlatforms) = preSolution
		Debug|Any CPU = Debug|Any CPU
		Release|Any CPU = Release|Any CPU
	EndGlobalSection
	GlobalSection(ProjectConfigurationPlatforms) = postSolution
		{DB902CBD-045D-4DA1-BF77-3149758A97BD}.Debug|Any CPU.ActiveCfg = Debug|Any CPU
		{DB902CBD-045D-4DA1-BF77-3149758A97BD}.Debug|Any CPU.Build.0 = Debug|Any CPU
		{DB902CBD-045D-4DA1-BF77-3149758A97BD}.Release|Any CPU.ActiveCfg = Release|Any CPU
		{DB902CBD-045D-4DA1-BF77-3149758A97BD}.Release|Any CPU.Build.0 = Release|Any CPU
		{C0DBD9BA-D71E-466D-BA27-E8E884F6FDDF}.Debug|Any CPU.ActiveCfg = Debug|Any CPU
		{C0DBD9BA-D71E-466D-BA27-E8E884F6FDDF}.Debug|Any CPU.Build.0 = Debug|Any CPU
		{C0DBD9BA-D71E-466D-BA27-E8E884F6FDDF}.Release|Any CPU.ActiveCfg = Release|Any CPU
		{C0DBD9BA-D71E-466D-BA27-E8E884F6FDDF}.Release|Any CPU.Build.0 = Release|Any CPU
		{DA29DC36-F468-412B-AB3D-B8E1AE2ADF6E}.Debug|Any CPU.ActiveCfg = Debug|Any CPU
		{DA29DC36-F468-412B-AB3D-B8E1AE2ADF6E}.Debug|Any CPU.Build.0 = Debug|Any CPU
		{DA29DC36-F468-412B-AB3D-B8E1AE2ADF6E}.Release|Any CPU.ActiveCfg = Release|Any CPU
		{DA29DC36-F468-412B-AB3D-B8E1AE2ADF6E}.Release|Any CPU.Build.0 = Release|Any CPU
	EndGlobalSection
	GlobalSection(SolutionProperties) = preSolution
		HideSolutionNode = FALSE
	EndGlobalSection
	GlobalSection(ExtensibilityGlobals) = postSolution
		SolutionGuid = {3F737744-F861-424C-9412-72404829143B}
	EndGlobalSection
EndGlobal
