
Microsoft Visual Studio Solution File, Format Version 12.00
# Visual Studio Version 16
VisualStudioVersion = 16.0.29411.108
MinimumVisualStudioVersion = 10.0.40219.1
Project("{9A19103F-16F7-4668-BE54-9A1E7A4F7556}") = "P01_StudentSystem", "P01_StudentSystem\P01_StudentSystem.csproj", "{D4324BF0-D2A9-4438-AE83-AA1CDB2A4959}"
EndProject
Project("{FAE04EC0-301F-11D3-BF4B-00C04F79EFBC}") = "P03_FootballBetting", "P03_FootballBetting\P03_FootballBetting.csproj", "{A1293C5A-F332-450F-B24F-57C73F3694B0}"
EndProject
Global
	GlobalSection(SolutionConfigurationPlatforms) = preSolution
		Debug|Any CPU = Debug|Any CPU
		Release|Any CPU = Release|Any CPU
	EndGlobalSection
	GlobalSection(ProjectConfigurationPlatforms) = postSolution
		{D4324BF0-D2A9-4438-AE83-AA1CDB2A4959}.Debug|Any CPU.ActiveCfg = Debug|Any CPU
		{D4324BF0-D2A9-4438-AE83-AA1CDB2A4959}.Debug|Any CPU.Build.0 = Debug|Any CPU
		{D4324BF0-D2A9-4438-AE83-AA1CDB2A4959}.Release|Any CPU.ActiveCfg = Release|Any CPU
		{D4324BF0-D2A9-4438-AE83-AA1CDB2A4959}.Release|Any CPU.Build.0 = Release|Any CPU
		{A1293C5A-F332-450F-B24F-57C73F3694B0}.Debug|Any CPU.ActiveCfg = Debug|Any CPU
		{A1293C5A-F332-450F-B24F-57C73F3694B0}.Debug|Any CPU.Build.0 = Debug|Any CPU
		{A1293C5A-F332-450F-B24F-57C73F3694B0}.Release|Any CPU.ActiveCfg = Release|Any CPU
		{A1293C5A-F332-450F-B24F-57C73F3694B0}.Release|Any CPU.Build.0 = Release|Any CPU
	EndGlobalSection
	GlobalSection(SolutionProperties) = preSolution
		HideSolutionNode = FALSE
	EndGlobalSection
	GlobalSection(ExtensibilityGlobals) = postSolution
		SolutionGuid = {1E058690-9C79-416F-8DD2-E80CC782660B}
	EndGlobalSection
EndGlobal
